// !$*UTF8*$!
{
	archiveVersion = 1;
	classes = {
	};
	objectVersion = 46;
	objects = {

/* Begin PBXBuildFile section */
		9745BD861B33B9B60085665B /* DetailViewController.m in Sources */ = {isa = PBXBuildFile; fileRef = 9745BD851B33B9B60085665B /* DetailViewController.m */; };
		974862591B3D35C300B5CA25 /* MonitorViewController.m in Sources */ = {isa = PBXBuildFile; fileRef = 974862581B3D35C300B5CA25 /* MonitorViewController.m */; };
		9748625E1B3D3BED00B5CA25 /* RangingViewController.m in Sources */ = {isa = PBXBuildFile; fileRef = 9748625D1B3D3BED00B5CA25 /* RangingViewController.m */; };
		974862691B41289600B5CA25 /* MutipleIDDetailViewController.m in Sources */ = {isa = PBXBuildFile; fileRef = 974862681B41289600B5CA25 /* MutipleIDDetailViewController.m */; };
		9748DEBF1B43C27E00546CCB /* CellUseOfViewController.m in Sources */ = {isa = PBXBuildFile; fileRef = 9748DEBE1B43C27E00546CCB /* CellUseOfViewController.m */; };
		9748DEC41B43CE0200546CCB /* CellUseOfChooseViewController.m in Sources */ = {isa = PBXBuildFile; fileRef = 9748DEC31B43CE0200546CCB /* CellUseOfChooseViewController.m */; };
		9761637E1B4A0ED300A34C63 /* SeekcyBeaconSDK.framework in Frameworks */ = {isa = PBXBuildFile; fileRef = 9761637D1B4A0ED300A34C63 /* SeekcyBeaconSDK.framework */; };
		9761637F1B4A0EE000A34C63 /* SeekcyBeaconSDK.framework in Frameworks */ = {isa = PBXBuildFile; fileRef = 9761637D1B4A0ED300A34C63 /* SeekcyBeaconSDK.framework */; };
		976163801B4A0EE000A34C63 /* SeekcyBeaconSDK.framework in Embed Frameworks */ = {isa = PBXBuildFile; fileRef = 9761637D1B4A0ED300A34C63 /* SeekcyBeaconSDK.framework */; settings = {ATTRIBUTES = (CodeSignOnCopy, RemoveHeadersOnCopy, ); }; };
		97E6AA371B317F1E00C57AA3 /* main.m in Sources */ = {isa = PBXBuildFile; fileRef = 97E6AA361B317F1E00C57AA3 /* main.m */; };
		97E6AA3A1B317F1E00C57AA3 /* AppDelegate.m in Sources */ = {isa = PBXBuildFile; fileRef = 97E6AA391B317F1E00C57AA3 /* AppDelegate.m */; };
		97E6AA3D1B317F1E00C57AA3 /* ViewController.m in Sources */ = {isa = PBXBuildFile; fileRef = 97E6AA3C1B317F1E00C57AA3 /* ViewController.m */; };
		97E6AA401B317F1E00C57AA3 /* Main.storyboard in Resources */ = {isa = PBXBuildFile; fileRef = 97E6AA3E1B317F1E00C57AA3 /* Main.storyboard */; };
		97E6AA421B317F1E00C57AA3 /* Images.xcassets in Resources */ = {isa = PBXBuildFile; fileRef = 97E6AA411B317F1E00C57AA3 /* Images.xcassets */; };
		97E6AA451B317F1E00C57AA3 /* LaunchScreen.xib in Resources */ = {isa = PBXBuildFile; fileRef = 97E6AA431B317F1E00C57AA3 /* LaunchScreen.xib */; };
		97E6AA511B317F1E00C57AA3 /* SeekcyBeaconSDKDemoTests.m in Sources */ = {isa = PBXBuildFile; fileRef = 97E6AA501B317F1E00C57AA3 /* SeekcyBeaconSDKDemoTests.m */; };
/* End PBXBuildFile section */

/* Begin PBXContainerItemProxy section */
		97E6AA4B1B317F1E00C57AA3 /* PBXContainerItemProxy */ = {
			isa = PBXContainerItemProxy;
			containerPortal = 97E6AA291B317F1E00C57AA3 /* Project object */;
			proxyType = 1;
			remoteGlobalIDString = 97E6AA301B317F1E00C57AA3;
			remoteInfo = SeekcyBeaconSDKDemo;
		};
/* End PBXContainerItemProxy section */

/* Begin PBXCopyFilesBuildPhase section */
		976163811B4A0EE000A34C63 /* Embed Frameworks */ = {
			isa = PBXCopyFilesBuildPhase;
			buildActionMask = 2147483647;
			dstPath = "";
			dstSubfolderSpec = 10;
			files = (
				976163801B4A0EE000A34C63 /* SeekcyBeaconSDK.framework in Embed Frameworks */,
			);
			name = "Embed Frameworks";
			runOnlyForDeploymentPostprocessing = 0;
		};
/* End PBXCopyFilesBuildPhase section */

/* Begin PBXFileReference section */
		9745BD841B33B9B60085665B /* DetailViewController.h */ = {isa = PBXFileReference; fileEncoding = 4; lastKnownFileType = sourcecode.c.h; path = DetailViewController.h; sourceTree = "<group>"; };
		9745BD851B33B9B60085665B /* DetailViewController.m */ = {isa = PBXFileReference; fileEncoding = 4; lastKnownFileType = sourcecode.c.objc; path = DetailViewController.m; sourceTree = "<group>"; };
		974862571B3D35C300B5CA25 /* MonitorViewController.h */ = {isa = PBXFileReference; fileEncoding = 4; lastKnownFileType = sourcecode.c.h; path = MonitorViewController.h; sourceTree = "<group>"; };
		974862581B3D35C300B5CA25 /* MonitorViewController.m */ = {isa = PBXFileReference; fileEncoding = 4; lastKnownFileType = sourcecode.c.objc; path = MonitorViewController.m; sourceTree = "<group>"; };
		9748625C1B3D3BED00B5CA25 /* RangingViewController.h */ = {isa = PBXFileReference; fileEncoding = 4; lastKnownFileType = sourcecode.c.h; path = RangingViewController.h; sourceTree = "<group>"; };
		9748625D1B3D3BED00B5CA25 /* RangingViewController.m */ = {isa = PBXFileReference; fileEncoding = 4; lastKnownFileType = sourcecode.c.objc; path = RangingViewController.m; sourceTree = "<group>"; };
		974862671B41289600B5CA25 /* MutipleIDDetailViewController.h */ = {isa = PBXFileReference; fileEncoding = 4; lastKnownFileType = sourcecode.c.h; path = MutipleIDDetailViewController.h; sourceTree = "<group>"; };
		974862681B41289600B5CA25 /* MutipleIDDetailViewController.m */ = {isa = PBXFileReference; fileEncoding = 4; lastKnownFileType = sourcecode.c.objc; path = MutipleIDDetailViewController.m; sourceTree = "<group>"; };
		9748DEBD1B43C27E00546CCB /* CellUseOfViewController.h */ = {isa = PBXFileReference; fileEncoding = 4; lastKnownFileType = sourcecode.c.h; path = CellUseOfViewController.h; sourceTree = "<group>"; };
		9748DEBE1B43C27E00546CCB /* CellUseOfViewController.m */ = {isa = PBXFileReference; fileEncoding = 4; lastKnownFileType = sourcecode.c.objc; path = CellUseOfViewController.m; sourceTree = "<group>"; };
		9748DEC21B43CE0200546CCB /* CellUseOfChooseViewController.h */ = {isa = PBXFileReference; fileEncoding = 4; lastKnownFileType = sourcecode.c.h; path = CellUseOfChooseViewController.h; sourceTree = "<group>"; };
		9748DEC31B43CE0200546CCB /* CellUseOfChooseViewController.m */ = {isa = PBXFileReference; fileEncoding = 4; lastKnownFileType = sourcecode.c.objc; path = CellUseOfChooseViewController.m; sourceTree = "<group>"; };
		9761637D1B4A0ED300A34C63 /* SeekcyBeaconSDK.framework */ = {isa = PBXFileReference; lastKnownFileType = wrapper.framework; name = SeekcyBeaconSDK.framework; path = SeekcyBeaconSDKDemo/SeekcyBeaconSDK.framework; sourceTree = "<group>"; };
		97E6AA311B317F1E00C57AA3 /* SeekcyBeaconSDKDemo.app */ = {isa = PBXFileReference; explicitFileType = wrapper.application; includeInIndex = 0; path = SeekcyBeaconSDKDemo.app; sourceTree = BUILT_PRODUCTS_DIR; };
		97E6AA351B317F1E00C57AA3 /* Info.plist */ = {isa = PBXFileReference; lastKnownFileType = text.plist.xml; path = Info.plist; sourceTree = "<group>"; };
		97E6AA361B317F1E00C57AA3 /* main.m */ = {isa = PBXFileReference; lastKnownFileType = sourcecode.c.objc; path = main.m; sourceTree = "<group>"; };
		97E6AA381B317F1E00C57AA3 /* AppDelegate.h */ = {isa = PBXFileReference; lastKnownFileType = sourcecode.c.h; path = AppDelegate.h; sourceTree = "<group>"; };
		97E6AA391B317F1E00C57AA3 /* AppDelegate.m */ = {isa = PBXFileReference; lastKnownFileType = sourcecode.c.objc; path = AppDelegate.m; sourceTree = "<group>"; };
		97E6AA3B1B317F1E00C57AA3 /* ViewController.h */ = {isa = PBXFileReference; lastKnownFileType = sourcecode.c.h; path = ViewController.h; sourceTree = "<group>"; };
		97E6AA3C1B317F1E00C57AA3 /* ViewController.m */ = {isa = PBXFileReference; lastKnownFileType = sourcecode.c.objc; path = ViewController.m; sourceTree = "<group>"; };
		97E6AA3F1B317F1E00C57AA3 /* Base */ = {isa = PBXFileReference; lastKnownFileType = file.storyboard; name = Base; path = Base.lproj/Main.storyboard; sourceTree = "<group>"; };
		97E6AA411B317F1E00C57AA3 /* Images.xcassets */ = {isa = PBXFileReference; lastKnownFileType = folder.assetcatalog; path = Images.xcassets; sourceTree = "<group>"; };
		97E6AA441B317F1E00C57AA3 /* Base */ = {isa = PBXFileReference; lastKnownFileType = file.xib; name = Base; path = Base.lproj/LaunchScreen.xib; sourceTree = "<group>"; };
		97E6AA4A1B317F1E00C57AA3 /* SeekcyBeaconSDKDemoTests.xctest */ = {isa = PBXFileReference; explicitFileType = wrapper.cfbundle; includeInIndex = 0; path = SeekcyBeaconSDKDemoTests.xctest; sourceTree = BUILT_PRODUCTS_DIR; };
		97E6AA4F1B317F1E00C57AA3 /* Info.plist */ = {isa = PBXFileReference; lastKnownFileType = text.plist.xml; path = Info.plist; sourceTree = "<group>"; };
		97E6AA501B317F1E00C57AA3 /* SeekcyBeaconSDKDemoTests.m */ = {isa = PBXFileReference; lastKnownFileType = sourcecode.c.objc; path = SeekcyBeaconSDKDemoTests.m; sourceTree = "<group>"; };
/* End PBXFileReference section */

/* Begin PBXFrameworksBuildPhase section */
		97E6AA2E1B317F1E00C57AA3 /* Frameworks */ = {
			isa = PBXFrameworksBuildPhase;
			buildActionMask = 2147483647;
			files = (
				9761637E1B4A0ED300A34C63 /* SeekcyBeaconSDK.framework in Frameworks */,
				9761637F1B4A0EE000A34C63 /* SeekcyBeaconSDK.framework in Frameworks */,
			);
			runOnlyForDeploymentPostprocessing = 0;
		};
		97E6AA471B317F1E00C57AA3 /* Frameworks */ = {
			isa = PBXFrameworksBuildPhase;
			buildActionMask = 2147483647;
			files = (
			);
			runOnlyForDeploymentPostprocessing = 0;
		};
/* End PBXFrameworksBuildPhase section */

/* Begin PBXGroup section */
		97E6AA281B317F1E00C57AA3 = {
			isa = PBXGroup;
			children = (
				9761637D1B4A0ED300A34C63 /* SeekcyBeaconSDK.framework */,
				97E6AA331B317F1E00C57AA3 /* SeekcyBeaconSDKDemo */,
				97E6AA4D1B317F1E00C57AA3 /* SeekcyBeaconSDKDemoTests */,
				97E6AA321B317F1E00C57AA3 /* Products */,
			);
			sourceTree = "<group>";
		};
		97E6AA321B317F1E00C57AA3 /* Products */ = {
			isa = PBXGroup;
			children = (
				97E6AA311B317F1E00C57AA3 /* SeekcyBeaconSDKDemo.app */,
				97E6AA4A1B317F1E00C57AA3 /* SeekcyBeaconSDKDemoTests.xctest */,
			);
			name = Products;
			sourceTree = "<group>";
		};
		97E6AA331B317F1E00C57AA3 /* SeekcyBeaconSDKDemo */ = {
			isa = PBXGroup;
			children = (
				97E6AA381B317F1E00C57AA3 /* AppDelegate.h */,
				97E6AA391B317F1E00C57AA3 /* AppDelegate.m */,
				97E6AA3B1B317F1E00C57AA3 /* ViewController.h */,
				97E6AA3C1B317F1E00C57AA3 /* ViewController.m */,
				9745BD841B33B9B60085665B /* DetailViewController.h */,
				9745BD851B33B9B60085665B /* DetailViewController.m */,
				974862671B41289600B5CA25 /* MutipleIDDetailViewController.h */,
				974862681B41289600B5CA25 /* MutipleIDDetailViewController.m */,
				9748DEBD1B43C27E00546CCB /* CellUseOfViewController.h */,
				9748DEBE1B43C27E00546CCB /* CellUseOfViewController.m */,
				9748DEC21B43CE0200546CCB /* CellUseOfChooseViewController.h */,
				9748DEC31B43CE0200546CCB /* CellUseOfChooseViewController.m */,
				974862571B3D35C300B5CA25 /* MonitorViewController.h */,
				974862581B3D35C300B5CA25 /* MonitorViewController.m */,
				9748625C1B3D3BED00B5CA25 /* RangingViewController.h */,
				9748625D1B3D3BED00B5CA25 /* RangingViewController.m */,
				97E6AA3E1B317F1E00C57AA3 /* Main.storyboard */,
				97E6AA411B317F1E00C57AA3 /* Images.xcassets */,
				97E6AA431B317F1E00C57AA3 /* LaunchScreen.xib */,
				97E6AA341B317F1E00C57AA3 /* Supporting Files */,
			);
			path = SeekcyBeaconSDKDemo;
			sourceTree = "<group>";
		};
		97E6AA341B317F1E00C57AA3 /* Supporting Files */ = {
			isa = PBXGroup;
			children = (
				97E6AA351B317F1E00C57AA3 /* Info.plist */,
				97E6AA361B317F1E00C57AA3 /* main.m */,
			);
			name = "Supporting Files";
			sourceTree = "<group>";
		};
		97E6AA4D1B317F1E00C57AA3 /* SeekcyBeaconSDKDemoTests */ = {
			isa = PBXGroup;
			children = (
				97E6AA501B317F1E00C57AA3 /* SeekcyBeaconSDKDemoTests.m */,
				97E6AA4E1B317F1E00C57AA3 /* Supporting Files */,
			);
			path = SeekcyBeaconSDKDemoTests;
			sourceTree = "<group>";
		};
		97E6AA4E1B317F1E00C57AA3 /* Supporting Files */ = {
			isa = PBXGroup;
			children = (
				97E6AA4F1B317F1E00C57AA3 /* Info.plist */,
			);
			name = "Supporting Files";
			sourceTree = "<group>";
		};
/* End PBXGroup section */

/* Begin PBXNativeTarget section */
		97E6AA301B317F1E00C57AA3 /* SeekcyBeaconSDKDemo */ = {
			isa = PBXNativeTarget;
			buildConfigurationList = 97E6AA541B317F1E00C57AA3 /* Build configuration list for PBXNativeTarget "SeekcyBeaconSDKDemo" */;
			buildPhases = (
				97E6AA2D1B317F1E00C57AA3 /* Sources */,
				97E6AA2E1B317F1E00C57AA3 /* Frameworks */,
				97E6AA2F1B317F1E00C57AA3 /* Resources */,
				976163811B4A0EE000A34C63 /* Embed Frameworks */,
			);
			buildRules = (
			);
			dependencies = (
			);
			name = SeekcyBeaconSDKDemo;
			productName = SeekcyBeaconSDKDemo;
			productReference = 97E6AA311B317F1E00C57AA3 /* SeekcyBeaconSDKDemo.app */;
			productType = "com.apple.product-type.application";
		};
		97E6AA491B317F1E00C57AA3 /* SeekcyBeaconSDKDemoTests */ = {
			isa = PBXNativeTarget;
			buildConfigurationList = 97E6AA571B317F1E00C57AA3 /* Build configuration list for PBXNativeTarget "SeekcyBeaconSDKDemoTests" */;
			buildPhases = (
				97E6AA461B317F1E00C57AA3 /* Sources */,
				97E6AA471B317F1E00C57AA3 /* Frameworks */,
				97E6AA481B317F1E00C57AA3 /* Resources */,
			);
			buildRules = (
			);
			dependencies = (
				97E6AA4C1B317F1E00C57AA3 /* PBXTargetDependency */,
			);
			name = SeekcyBeaconSDKDemoTests;
			productName = SeekcyBeaconSDKDemoTests;
			productReference = 97E6AA4A1B317F1E00C57AA3 /* SeekcyBeaconSDKDemoTests.xctest */;
			productType = "com.apple.product-type.bundle.unit-test";
		};
/* End PBXNativeTarget section */

/* Begin PBXProject section */
		97E6AA291B317F1E00C57AA3 /* Project object */ = {
			isa = PBXProject;
			attributes = {
				LastUpgradeCheck = 0630;
				ORGANIZATIONNAME = com.seekcy;
				TargetAttributes = {
					97E6AA301B317F1E00C57AA3 = {
						CreatedOnToolsVersion = 6.3.2;
						SystemCapabilities = {
							com.apple.BackgroundModes = {
								enabled = 1;
							};
						};
					};
					97E6AA491B317F1E00C57AA3 = {
						CreatedOnToolsVersion = 6.3.2;
						TestTargetID = 97E6AA301B317F1E00C57AA3;
					};
				};
			};
			buildConfigurationList = 97E6AA2C1B317F1E00C57AA3 /* Build configuration list for PBXProject "SeekcyBeaconSDKDemo" */;
			compatibilityVersion = "Xcode 3.2";
			developmentRegion = English;
			hasScannedForEncodings = 0;
			knownRegions = (
				en,
				Base,
			);
			mainGroup = 97E6AA281B317F1E00C57AA3;
			productRefGroup = 97E6AA321B317F1E00C57AA3 /* Products */;
			projectDirPath = "";
			projectRoot = "";
			targets = (
				97E6AA301B317F1E00C57AA3 /* SeekcyBeaconSDKDemo */,
				97E6AA491B317F1E00C57AA3 /* SeekcyBeaconSDKDemoTests */,
			);
		};
/* End PBXProject section */

/* Begin PBXResourcesBuildPhase section */
		97E6AA2F1B317F1E00C57AA3 /* Resources */ = {
			isa = PBXResourcesBuildPhase;
			buildActionMask = 2147483647;
			files = (
				97E6AA401B317F1E00C57AA3 /* Main.storyboard in Resources */,
				97E6AA451B317F1E00C57AA3 /* LaunchScreen.xib in Resources */,
				97E6AA421B317F1E00C57AA3 /* Images.xcassets in Resources */,
			);
			runOnlyForDeploymentPostprocessing = 0;
		};
		97E6AA481B317F1E00C57AA3 /* Resources */ = {
			isa = PBXResourcesBuildPhase;
			buildActionMask = 2147483647;
			files = (
			);
			runOnlyForDeploymentPostprocessing = 0;
		};
/* End PBXResourcesBuildPhase section */

/* Begin PBXSourcesBuildPhase section */
		97E6AA2D1B317F1E00C57AA3 /* Sources */ = {
			isa = PBXSourcesBuildPhase;
			buildActionMask = 2147483647;
			files = (
				97E6AA3D1B317F1E00C57AA3 /* ViewController.m in Sources */,
				97E6AA3A1B317F1E00C57AA3 /* AppDelegate.m in Sources */,
				97E6AA371B317F1E00C57AA3 /* main.m in Sources */,
				9748625E1B3D3BED00B5CA25 /* RangingViewController.m in Sources */,
				974862591B3D35C300B5CA25 /* MonitorViewController.m in Sources */,
				9748DEBF1B43C27E00546CCB /* CellUseOfViewController.m in Sources */,
				9748DEC41B43CE0200546CCB /* CellUseOfChooseViewController.m in Sources */,
				974862691B41289600B5CA25 /* MutipleIDDetailViewController.m in Sources */,
				9745BD861B33B9B60085665B /* DetailViewController.m in Sources */,
			);
			runOnlyForDeploymentPostprocessing = 0;
		};
		97E6AA461B317F1E00C57AA3 /* Sources */ = {
			isa = PBXSourcesBuildPhase;
			buildActionMask = 2147483647;
			files = (
				97E6AA511B317F1E00C57AA3 /* SeekcyBeaconSDKDemoTests.m in Sources */,
			);
			runOnlyForDeploymentPostprocessing = 0;
		};
/* End PBXSourcesBuildPhase section */

/* Begin PBXTargetDependency section */
		97E6AA4C1B317F1E00C57AA3 /* PBXTargetDependency */ = {
			isa = PBXTargetDependency;
			target = 97E6AA301B317F1E00C57AA3 /* SeekcyBeaconSDKDemo */;
			targetProxy = 97E6AA4B1B317F1E00C57AA3 /* PBXContainerItemProxy */;
		};
/* End PBXTargetDependency section */

/* Begin PBXVariantGroup section */
		97E6AA3E1B317F1E00C57AA3 /* Main.storyboard */ = {
			isa = PBXVariantGroup;
			children = (
				97E6AA3F1B317F1E00C57AA3 /* Base */,
			);
			name = Main.storyboard;
			sourceTree = "<group>";
		};
		97E6AA431B317F1E00C57AA3 /* LaunchScreen.xib */ = {
			isa = PBXVariantGroup;
			children = (
				97E6AA441B317F1E00C57AA3 /* Base */,
			);
			name = LaunchScreen.xib;
			sourceTree = "<group>";
		};
/* End PBXVariantGroup section */

/* Begin XCBuildConfiguration section */
		97E6AA521B317F1E00C57AA3 /* Debug */ = {
			isa = XCBuildConfiguration;
			buildSettings = {
				ALWAYS_SEARCH_USER_PATHS = NO;
				CLANG_CXX_LANGUAGE_STANDARD = "gnu++0x";
				CLANG_CXX_LIBRARY = "libc++";
				CLANG_ENABLE_MODULES = YES;
				CLANG_ENABLE_OBJC_ARC = YES;
				CLANG_WARN_BOOL_CONVERSION = YES;
				CLANG_WARN_CONSTANT_CONVERSION = YES;
				CLANG_WARN_DIRECT_OBJC_ISA_USAGE = YES_ERROR;
				CLANG_WARN_EMPTY_BODY = YES;
				CLANG_WARN_ENUM_CONVERSION = YES;
				CLANG_WARN_INT_CONVERSION = YES;
				CLANG_WARN_OBJC_ROOT_CLASS = YES_ERROR;
				CLANG_WARN_UNREACHABLE_CODE = YES;
				CLANG_WARN__DUPLICATE_METHOD_MATCH = YES;
				"CODE_SIGN_IDENTITY[sdk=iphoneos*]" = "iPhone Developer";
				COPY_PHASE_STRIP = NO;
				DEBUG_INFORMATION_FORMAT = "dwarf-with-dsym";
				ENABLE_STRICT_OBJC_MSGSEND = YES;
				GCC_C_LANGUAGE_STANDARD = gnu99;
				GCC_DYNAMIC_NO_PIC = NO;
				GCC_NO_COMMON_BLOCKS = YES;
				GCC_OPTIMIZATION_LEVEL = 0;
				GCC_PREPROCESSOR_DEFINITIONS = (
					"DEBUG=1",
					"$(inherited)",
				);
				GCC_SYMBOLS_PRIVATE_EXTERN = NO;
				GCC_WARN_64_TO_32_BIT_CONVERSION = YES;
				GCC_WARN_ABOUT_RETURN_TYPE = YES_ERROR;
				GCC_WARN_UNDECLARED_SELECTOR = YES;
				GCC_WARN_UNINITIALIZED_AUTOS = YES_AGGRESSIVE;
				GCC_WARN_UNUSED_FUNCTION = YES;
				GCC_WARN_UNUSED_VARIABLE = YES;
				IPHONEOS_DEPLOYMENT_TARGET = 7.0;
				MTL_ENABLE_DEBUG_INFO = YES;
				ONLY_ACTIVE_ARCH = YES;
				SDKROOT = iphoneos;
				TARGETED_DEVICE_FAMILY = "1,2";
			};
			name = Debug;
		};
		97E6AA531B317F1E00C57AA3 /* Release */ = {
			isa = XCBuildConfiguration;
			buildSettings = {
				ALWAYS_SEARCH_USER_PATHS = NO;
				CLANG_CXX_LANGUAGE_STANDARD = "gnu++0x";
				CLANG_CXX_LIBRARY = "libc++";
				CLANG_ENABLE_MODULES = YES;
				CLANG_ENABLE_OBJC_ARC = YES;
				CLANG_WARN_BOOL_CONVERSION = YES;
				CLANG_WARN_CONSTANT_CONVERSION = YES;
				CLANG_WARN_DIRECT_OBJC_ISA_USAGE = YES_ERROR;
				CLANG_WARN_EMPTY_BODY = YES;
				CLANG_WARN_ENUM_CONVERSION = YES;
				CLANG_WARN_INT_CONVERSION = YES;
				CLANG_WARN_OBJC_ROOT_CLASS = YES_ERROR;
				CLANG_WARN_UNREACHABLE_CODE = YES;
				CLANG_WARN__DUPLICATE_METHOD_MATCH = YES;
				"CODE_SIGN_IDENTITY[sdk=iphoneos*]" = "iPhone Developer";
				COPY_PHASE_STRIP = NO;
				DEBUG_INFORMATION_FORMAT = "dwarf-with-dsym";
				ENABLE_NS_ASSERTIONS = NO;
				ENABLE_STRICT_OBJC_MSGSEND = YES;
				GCC_C_LANGUAGE_STANDARD = gnu99;
				GCC_NO_COMMON_BLOCKS = YES;
				GCC_WARN_64_TO_32_BIT_CONVERSION = YES;
				GCC_WARN_ABOUT_RETURN_TYPE = YES_ERROR;
				GCC_WARN_UNDECLARED_SELECTOR = YES;
				GCC_WARN_UNINITIALIZED_AUTOS = YES_AGGRESSIVE;
				GCC_WARN_UNUSED_FUNCTION = YES;
				GCC_WARN_UNUSED_VARIABLE = YES;
				IPHONEOS_DEPLOYMENT_TARGET = 7.0;
				MTL_ENABLE_DEBUG_INFO = NO;
				SDKROOT = iphoneos;
				TARGETED_DEVICE_FAMILY = "1,2";
				VALIDATE_PRODUCT = YES;
			};
			name = Release;
		};
		97E6AA551B317F1E00C57AA3 /* Debug */ = {
			isa = XCBuildConfiguration;
			buildSettings = {
				ASSETCATALOG_COMPILER_APPICON_NAME = AppIcon;
				FRAMEWORK_SEARCH_PATHS = (
					"$(inherited)",
					/Users/seekcy/Documents/work_zhangbin/SDK/SeekcyBeaconSDK/Products,
					"$(PROJECT_DIR)/SeekcyBeaconSDKDemo",
				);
				INFOPLIST_FILE = SeekcyBeaconSDKDemo/Info.plist;
				LD_RUNPATH_SEARCH_PATHS = "$(inherited) @executable_path/Frameworks";
				PRODUCT_NAME = "$(TARGET_NAME)";
			};
			name = Debug;
		};
		97E6AA561B317F1E00C57AA3 /* Release */ = {
			isa = XCBuildConfiguration;
			buildSettings = {
				ASSETCATALOG_COMPILER_APPICON_NAME = AppIcon;
				FRAMEWORK_SEARCH_PATHS = (
					"$(inherited)",
					/Users/seekcy/Documents/work_zhangbin/SDK/SeekcyBeaconSDK/Products,
					"$(PROJECT_DIR)/SeekcyBeaconSDKDemo",
				);
				INFOPLIST_FILE = SeekcyBeaconSDKDemo/Info.plist;
				LD_RUNPATH_SEARCH_PATHS = "$(inherited) @executable_path/Frameworks";
				PRODUCT_NAME = "$(TARGET_NAME)";
			};
			name = Release;
		};
		97E6AA581B317F1E00C57AA3 /* Debug */ = {
			isa = XCBuildConfiguration;
			buildSettings = {
				BUNDLE_LOADER = "$(TEST_HOST)";
				FRAMEWORK_SEARCH_PATHS = (
					"$(SDKROOT)/Developer/Library/Frameworks",
					"$(inherited)",
				);
				GCC_PREPROCESSOR_DEFINITIONS = (
					"DEBUG=1",
					"$(inherited)",
				);
				INFOPLIST_FILE = SeekcyBeaconSDKDemoTests/Info.plist;
				LD_RUNPATH_SEARCH_PATHS = "$(inherited) @executable_path/Frameworks @loader_path/Frameworks";
				PRODUCT_NAME = "$(TARGET_NAME)";
				TEST_HOST = "$(BUILT_PRODUCTS_DIR)/SeekcyBeaconSDKDemo.app/SeekcyBeaconSDKDemo";
			};
			name = Debug;
		};
		97E6AA591B317F1E00C57AA3 /* Release */ = {
			isa = XCBuildConfiguration;
			buildSettings = {
				BUNDLE_LOADER = "$(TEST_HOST)";
				FRAMEWORK_SEARCH_PATHS = (
					"$(SDKROOT)/Developer/Library/Frameworks",
					"$(inherited)",
				);
				INFOPLIST_FILE = SeekcyBeaconSDKDemoTests/Info.plist;
				LD_RUNPATH_SEARCH_PATHS = "$(inherited) @executable_path/Frameworks @loader_path/Frameworks";
				PRODUCT_NAME = "$(TARGET_NAME)";
				TEST_HOST = "$(BUILT_PRODUCTS_DIR)/SeekcyBeaconSDKDemo.app/SeekcyBeaconSDKDemo";
			};
			name = Release;
		};
/* End XCBuildConfiguration section */

/* Begin XCConfigurationList section */
		97E6AA2C1B317F1E00C57AA3 /* Build configuration list for PBXProject "SeekcyBeaconSDKDemo" */ = {
			isa = XCConfigurationList;
			buildConfigurations = (
				97E6AA521B317F1E00C57AA3 /* Debug */,
				97E6AA531B317F1E00C57AA3 /* Release */,
			);
			defaultConfigurationIsVisible = 0;
			defaultConfigurationName = Release;
		};
		97E6AA541B317F1E00C57AA3 /* Build configuration list for PBXNativeTarget "SeekcyBeaconSDKDemo" */ = {
			isa = XCConfigurationList;
			buildConfigurations = (
				97E6AA551B317F1E00C57AA3 /* Debug */,
				97E6AA561B317F1E00C57AA3 /* Release */,
			);
			defaultConfigurationIsVisible = 0;
			defaultConfigurationName = Release;
		};
		97E6AA571B317F1E00C57AA3 /* Build configuration list for PBXNativeTarget "SeekcyBeaconSDKDemoTests" */ = {
			isa = XCConfigurationList;
			buildConfigurations = (
				97E6AA581B317F1E00C57AA3 /* Debug */,
				97E6AA591B317F1E00C57AA3 /* Release */,
			);
			defaultConfigurationIsVisible = 0;
			defaultConfigurationName = Release;
		};
/* End XCConfigurationList section */
	};
	rootObject = 97E6AA291B317F1E00C57AA3 /* Project object */;
}
